{
  "name": "just-upload",
  "version": "0.0.1",
  "lockfileVersion": 1,
  "requires": true,
  "dependencies": {
    "tslib": {
      "version": "2.3.1",
      "resolved": "https://artifactory.inacta.ch:443/artifactory/api/npm/inacta-npm/tslib/-/tslib-2.3.1.tgz",
      "integrity": "sha1-6KM1rdXOrlGqJh0ypJAVjvBC7wE="
    }
  }
}
